
Microsoft Visual Studio Solution File, Format Version 12.00
# Visual Studio Version 17
VisualStudioVersion = 17.7.34302.85
MinimumVisualStudioVersion = 10.0.40219.1
Project("{FAE04EC0-301F-11D3-BF4B-00C04F79EFBC}") = "BuilderDesignPattern", "BuilderDesignPattern\BuilderDesignPattern.csproj", "{E607D251-9EA6-4455-9DCE-852C3F7768D7}"
EndProject
Global
	GlobalSection(SolutionConfigurationPlatforms) = preSolution
		Debug|Any CPU = Debug|Any CPU
		Release|Any CPU = Release|Any CPU
	EndGlobalSection
	GlobalSection(ProjectConfigurationPlatforms) = postSolution
		{E607D251-9EA6-4455-9DCE-852C3F7768D7}.Debug|Any CPU.ActiveCfg = Debug|Any CPU
		{E607D251-9EA6-4455-9DCE-852C3F7768D7}.Debug|Any CPU.Build.0 = Debug|Any CPU
		{E607D251-9EA6-4455-9DCE-852C3F7768D7}.Release|Any CPU.ActiveCfg = Release|Any CPU
		{E607D251-9EA6-4455-9DCE-852C3F7768D7}.Release|Any CPU.Build.0 = Release|Any CPU
	EndGlobalSection
	GlobalSection(SolutionProperties) = preSolution
		HideSolutionNode = FALSE
	EndGlobalSection
	GlobalSection(ExtensibilityGlobals) = postSolution
		SolutionGuid = {3FBD7B9D-3BC2-4C59-87AF-97E95A0534A1}
	EndGlobalSection
EndGlobal
